
Microsoft Visual Studio Solution File, Format Version 12.00
# Visual Studio Version 17
VisualStudioVersion = 17.2.32516.85
MinimumVisualStudioVersion = 10.0.40219.1
Project("{FAE04EC0-301F-11D3-BF4B-00C04F79EFBC}") = "U2.Classifieds.Core", "U2.Classifieds.Core\U2.Classifieds.Core.csproj", "{F5855693-3607-4EA0-BE32-664833ADA919}"
EndProject
Global
	GlobalSection(SolutionConfigurationPlatforms) = preSolution
		Debug|Any CPU = Debug|Any CPU
		Release|Any CPU = Release|Any CPU
	EndGlobalSection
	GlobalSection(ProjectConfigurationPlatforms) = postSolution
		{F5855693-3607-4EA0-BE32-664833ADA919}.Debug|Any CPU.ActiveCfg = Debug|Any CPU
		{F5855693-3607-4EA0-BE32-664833ADA919}.Debug|Any CPU.Build.0 = Debug|Any CPU
		{F5855693-3607-4EA0-BE32-664833ADA919}.Release|Any CPU.ActiveCfg = Release|Any CPU
		{F5855693-3607-4EA0-BE32-664833ADA919}.Release|Any CPU.Build.0 = Release|Any CPU
	EndGlobalSection
	GlobalSection(SolutionProperties) = preSolution
		HideSolutionNode = FALSE
	EndGlobalSection
	GlobalSection(ExtensibilityGlobals) = postSolution
		SolutionGuid = {676DB875-6612-4F3C-8956-A4FD79F37112}
	EndGlobalSection
EndGlobal
